
Microsoft Visual Studio Solution File, Format Version 12.00
# Visual Studio Version 16
VisualStudioVersion = 16.0.29613.14
MinimumVisualStudioVersion = 10.0.40219.1
Project("{FAE04EC0-301F-11D3-BF4B-00C04F79EFBC}") = "PalindromeLinkedList", "PalindromeLinkedList\PalindromeLinkedList.csproj", "{6889FCBF-6B55-4D94-BBEF-17A95961CF32}"
EndProject
Global
	GlobalSection(SolutionConfigurationPlatforms) = preSolution
		Debug|Any CPU = Debug|Any CPU
		Release|Any CPU = Release|Any CPU
	EndGlobalSection
	GlobalSection(ProjectConfigurationPlatforms) = postSolution
		{6889FCBF-6B55-4D94-BBEF-17A95961CF32}.Debug|Any CPU.ActiveCfg = Debug|Any CPU
		{6889FCBF-6B55-4D94-BBEF-17A95961CF32}.Debug|Any CPU.Build.0 = Debug|Any CPU
		{6889FCBF-6B55-4D94-BBEF-17A95961CF32}.Release|Any CPU.ActiveCfg = Release|Any CPU
		{6889FCBF-6B55-4D94-BBEF-17A95961CF32}.Release|Any CPU.Build.0 = Release|Any CPU
	EndGlobalSection
	GlobalSection(SolutionProperties) = preSolution
		HideSolutionNode = FALSE
	EndGlobalSection
	GlobalSection(ExtensibilityGlobals) = postSolution
		SolutionGuid = {C6448B81-4885-483D-AE89-2A94F5121593}
	EndGlobalSection
EndGlobal
